// !$*UTF8*$!
{
	archiveVersion = 1;
	classes = {
	};
	objectVersion = 51;
	objects = {

/* Begin PBXBuildFile section */
		2AC857586F138698F8DEA380 /* Pods_WeatherClient.framework in Frameworks */ = {isa = PBXBuildFile; fileRef = FB4CC69E7061CBC410E64D1A /* Pods_WeatherClient.framework */; };
		E9165D7222FF43AD00F1FF48 /* AppDelegate.swift in Sources */ = {isa = PBXBuildFile; fileRef = E9165D7122FF43AD00F1FF48 /* AppDelegate.swift */; };
		E9165D7722FF43AD00F1FF48 /* Main.storyboard in Resources */ = {isa = PBXBuildFile; fileRef = E9165D7522FF43AD00F1FF48 /* Main.storyboard */; };
		E9165D7922FF43AE00F1FF48 /* Assets.xcassets in Resources */ = {isa = PBXBuildFile; fileRef = E9165D7822FF43AE00F1FF48 /* Assets.xcassets */; };
		E9165D7C22FF43AE00F1FF48 /* LaunchScreen.storyboard in Resources */ = {isa = PBXBuildFile; fileRef = E9165D7A22FF43AE00F1FF48 /* LaunchScreen.storyboard */; };
		E9165D8622FF514200F1FF48 /* ForecastTableViewController.swift in Sources */ = {isa = PBXBuildFile; fileRef = E9165D8522FF514200F1FF48 /* ForecastTableViewController.swift */; };
		E9165D8822FF517F00F1FF48 /* DailyForecastTableViewCell.swift in Sources */ = {isa = PBXBuildFile; fileRef = E9165D8722FF517F00F1FF48 /* DailyForecastTableViewCell.swift */; };
		E9165D8D22FF573000F1FF48 /* Forecast.json in Resources */ = {isa = PBXBuildFile; fileRef = E9165D8C22FF573000F1FF48 /* Forecast.json */; };
		E9CB9ABF22FF5AF300BD7B3C /* Forecast.swift in Sources */ = {isa = PBXBuildFile; fileRef = E9CB9ABE22FF5AF300BD7B3C /* Forecast.swift */; };
		E9CB9AC322FF60EB00BD7B3C /* Podfile in Resources */ = {isa = PBXBuildFile; fileRef = E9CB9AC222FF60EB00BD7B3C /* Podfile */; };
		E9CB9AC622FF632000BD7B3C /* LocationService.swift in Sources */ = {isa = PBXBuildFile; fileRef = E9CB9AC522FF632000BD7B3C /* LocationService.swift */; };
		E9CB9AC822FF6AA700BD7B3C /* ForecastProvider.swift in Sources */ = {isa = PBXBuildFile; fileRef = E9CB9AC722FF6AA700BD7B3C /* ForecastProvider.swift */; };
		E9CB9ACB22FF72CE00BD7B3C /* Debug-Config.xcconfig in Resources */ = {isa = PBXBuildFile; fileRef = E9CB9ACA22FF72CE00BD7B3C /* Debug-Config.xcconfig */; };
		E9CB9ACD22FF8C1700BD7B3C /* DailyForcastViewModel.swift in Sources */ = {isa = PBXBuildFile; fileRef = E9CB9ACC22FF8C1700BD7B3C /* DailyForcastViewModel.swift */; };
/* End PBXBuildFile section */

/* Begin PBXFileReference section */
		42081B3EC7BB4C3E513B76DD /* Pods-WeatherClient.debug.xcconfig */ = {isa = PBXFileReference; includeInIndex = 1; lastKnownFileType = text.xcconfig; name = "Pods-WeatherClient.debug.xcconfig"; path = "Target Support Files/Pods-WeatherClient/Pods-WeatherClient.debug.xcconfig"; sourceTree = "<group>"; };
		AA5D12CCA49ECB4F8ABAC8F1 /* Pods-WeatherClient.release.xcconfig */ = {isa = PBXFileReference; includeInIndex = 1; lastKnownFileType = text.xcconfig; name = "Pods-WeatherClient.release.xcconfig"; path = "Target Support Files/Pods-WeatherClient/Pods-WeatherClient.release.xcconfig"; sourceTree = "<group>"; };
		E9165D6E22FF43AD00F1FF48 /* WeatherClient.app */ = {isa = PBXFileReference; explicitFileType = wrapper.application; includeInIndex = 0; path = WeatherClient.app; sourceTree = BUILT_PRODUCTS_DIR; };
		E9165D7122FF43AD00F1FF48 /* AppDelegate.swift */ = {isa = PBXFileReference; lastKnownFileType = sourcecode.swift; path = AppDelegate.swift; sourceTree = "<group>"; };
		E9165D7622FF43AD00F1FF48 /* Base */ = {isa = PBXFileReference; lastKnownFileType = file.storyboard; name = Base; path = Base.lproj/Main.storyboard; sourceTree = "<group>"; };
		E9165D7822FF43AE00F1FF48 /* Assets.xcassets */ = {isa = PBXFileReference; lastKnownFileType = folder.assetcatalog; path = Assets.xcassets; sourceTree = "<group>"; };
		E9165D7B22FF43AE00F1FF48 /* Base */ = {isa = PBXFileReference; lastKnownFileType = file.storyboard; name = Base; path = Base.lproj/LaunchScreen.storyboard; sourceTree = "<group>"; };
		E9165D7D22FF43AE00F1FF48 /* Info.plist */ = {isa = PBXFileReference; lastKnownFileType = text.plist.xml; path = Info.plist; sourceTree = "<group>"; };
		E9165D8522FF514200F1FF48 /* ForecastTableViewController.swift */ = {isa = PBXFileReference; lastKnownFileType = sourcecode.swift; path = ForecastTableViewController.swift; sourceTree = "<group>"; };
		E9165D8722FF517F00F1FF48 /* DailyForecastTableViewCell.swift */ = {isa = PBXFileReference; lastKnownFileType = sourcecode.swift; path = DailyForecastTableViewCell.swift; sourceTree = "<group>"; };
		E9165D8C22FF573000F1FF48 /* Forecast.json */ = {isa = PBXFileReference; lastKnownFileType = text.json; path = Forecast.json; sourceTree = "<group>"; };
		E9CB9ABE22FF5AF300BD7B3C /* Forecast.swift */ = {isa = PBXFileReference; fileEncoding = 4; lastKnownFileType = sourcecode.swift; path = Forecast.swift; sourceTree = "<group>"; };
		E9CB9AC222FF60EB00BD7B3C /* Podfile */ = {isa = PBXFileReference; lastKnownFileType = text; path = Podfile; sourceTree = "<group>"; xcLanguageSpecificationIdentifier = xcode.lang.ruby; };
		E9CB9AC522FF632000BD7B3C /* LocationService.swift */ = {isa = PBXFileReference; lastKnownFileType = sourcecode.swift; path = LocationService.swift; sourceTree = "<group>"; };
		E9CB9AC722FF6AA700BD7B3C /* ForecastProvider.swift */ = {isa = PBXFileReference; lastKnownFileType = sourcecode.swift; path = ForecastProvider.swift; sourceTree = "<group>"; };
		E9CB9ACA22FF72CE00BD7B3C /* Debug-Config.xcconfig */ = {isa = PBXFileReference; lastKnownFileType = text.xcconfig; path = "Debug-Config.xcconfig"; sourceTree = "<group>"; };
		E9CB9ACC22FF8C1700BD7B3C /* DailyForcastViewModel.swift */ = {isa = PBXFileReference; lastKnownFileType = sourcecode.swift; path = DailyForcastViewModel.swift; sourceTree = "<group>"; };
		FB4CC69E7061CBC410E64D1A /* Pods_WeatherClient.framework */ = {isa = PBXFileReference; explicitFileType = wrapper.framework; includeInIndex = 0; path = Pods_WeatherClient.framework; sourceTree = BUILT_PRODUCTS_DIR; };
/* End PBXFileReference section */

/* Begin PBXFrameworksBuildPhase section */
		E9165D6B22FF43AD00F1FF48 /* Frameworks */ = {
			isa = PBXFrameworksBuildPhase;
			buildActionMask = 2147483647;
			files = (
				2AC857586F138698F8DEA380 /* Pods_WeatherClient.framework in Frameworks */,
			);
			runOnlyForDeploymentPostprocessing = 0;
		};
/* End PBXFrameworksBuildPhase section */

/* Begin PBXGroup section */
		5E1DD4FBF6338149740F3A49 /* Pods */ = {
			isa = PBXGroup;
			children = (
				42081B3EC7BB4C3E513B76DD /* Pods-WeatherClient.debug.xcconfig */,
				AA5D12CCA49ECB4F8ABAC8F1 /* Pods-WeatherClient.release.xcconfig */,
			);
			path = Pods;
			sourceTree = "<group>";
		};
		60AADC11D47A0CB00D2C478A /* Frameworks */ = {
			isa = PBXGroup;
			children = (
				FB4CC69E7061CBC410E64D1A /* Pods_WeatherClient.framework */,
			);
			name = Frameworks;
			sourceTree = "<group>";
		};
		E9165D6522FF43AC00F1FF48 = {
			isa = PBXGroup;
			children = (
				E9CB9AC222FF60EB00BD7B3C /* Podfile */,
				E9165D7022FF43AD00F1FF48 /* WeatherClient */,
				E9165D6F22FF43AD00F1FF48 /* Products */,
				5E1DD4FBF6338149740F3A49 /* Pods */,
				60AADC11D47A0CB00D2C478A /* Frameworks */,
			);
			sourceTree = "<group>";
		};
		E9165D6F22FF43AD00F1FF48 /* Products */ = {
			isa = PBXGroup;
			children = (
				E9165D6E22FF43AD00F1FF48 /* WeatherClient.app */,
			);
			name = Products;
			sourceTree = "<group>";
		};
		E9165D7022FF43AD00F1FF48 /* WeatherClient */ = {
			isa = PBXGroup;
			children = (
				E9CB9AC922FF729300BD7B3C /* Configs */,
				E9CB9AC422FF630600BD7B3C /* Services */,
				E9CB9ABE22FF5AF300BD7B3C /* Forecast.swift */,
				E9165D8922FF56BC00F1FF48 /* SampleJson */,
				E9165D8422FF510200F1FF48 /* ViewControllers */,
				E9165D8322FF50FB00F1FF48 /* Views */,
				E9165D7122FF43AD00F1FF48 /* AppDelegate.swift */,
				E9165D7522FF43AD00F1FF48 /* Main.storyboard */,
				E9165D7822FF43AE00F1FF48 /* Assets.xcassets */,
				E9165D7A22FF43AE00F1FF48 /* LaunchScreen.storyboard */,
				E9165D7D22FF43AE00F1FF48 /* Info.plist */,
			);
			path = WeatherClient;
			sourceTree = "<group>";
		};
		E9165D8322FF50FB00F1FF48 /* Views */ = {
			isa = PBXGroup;
			children = (
				E9165D8722FF517F00F1FF48 /* DailyForecastTableViewCell.swift */,
			);
			path = Views;
			sourceTree = "<group>";
		};
		E9165D8422FF510200F1FF48 /* ViewControllers */ = {
			isa = PBXGroup;
			children = (
				E9165D8522FF514200F1FF48 /* ForecastTableViewController.swift */,
				E9CB9ACC22FF8C1700BD7B3C /* DailyForcastViewModel.swift */,
			);
			path = ViewControllers;
			sourceTree = "<group>";
		};
		E9165D8922FF56BC00F1FF48 /* SampleJson */ = {
			isa = PBXGroup;
			children = (
				E9165D8C22FF573000F1FF48 /* Forecast.json */,
			);
			path = SampleJson;
			sourceTree = "<group>";
		};
		E9CB9AC422FF630600BD7B3C /* Services */ = {
			isa = PBXGroup;
			children = (
				E9CB9AC522FF632000BD7B3C /* LocationService.swift */,
				E9CB9AC722FF6AA700BD7B3C /* ForecastProvider.swift */,
			);
			path = Services;
			sourceTree = "<group>";
		};
		E9CB9AC922FF729300BD7B3C /* Configs */ = {
			isa = PBXGroup;
			children = (
				E9CB9ACA22FF72CE00BD7B3C /* Debug-Config.xcconfig */,
			);
			path = Configs;
			sourceTree = "<group>";
		};
/* End PBXGroup section */

/* Begin PBXNativeTarget section */
		E9165D6D22FF43AD00F1FF48 /* WeatherClient */ = {
			isa = PBXNativeTarget;
			buildConfigurationList = E9165D8022FF43AE00F1FF48 /* Build configuration list for PBXNativeTarget "WeatherClient" */;
			buildPhases = (
				940198C67C4BE5BC6795F104 /* [CP] Check Pods Manifest.lock */,
				E9165D6A22FF43AD00F1FF48 /* Sources */,
				E9165D6B22FF43AD00F1FF48 /* Frameworks */,
				E9165D6C22FF43AD00F1FF48 /* Resources */,
				E9165D8E22FF57D800F1FF48 /* Quicktype */,
				E9BDCE5F4FDD6B2609A4B438 /* [CP] Embed Pods Frameworks */,
			);
			buildRules = (
			);
			dependencies = (
			);
			name = WeatherClient;
			productName = WeatherClient;
			productReference = E9165D6E22FF43AD00F1FF48 /* WeatherClient.app */;
			productType = "com.apple.product-type.application";
		};
/* End PBXNativeTarget section */

/* Begin PBXProject section */
		E9165D6622FF43AC00F1FF48 /* Project object */ = {
			isa = PBXProject;
			attributes = {
				LastSwiftUpdateCheck = 1030;
				LastUpgradeCheck = 1030;
				ORGANIZATIONNAME = "Anhquan Nguyen";
				TargetAttributes = {
					E9165D6D22FF43AD00F1FF48 = {
						CreatedOnToolsVersion = 10.3;
					};
				};
			};
			buildConfigurationList = E9165D6922FF43AC00F1FF48 /* Build configuration list for PBXProject "WeatherClient" */;
			compatibilityVersion = "Xcode 9.3";
			developmentRegion = en;
			hasScannedForEncodings = 0;
			knownRegions = (
				en,
				Base,
			);
			mainGroup = E9165D6522FF43AC00F1FF48;
			productRefGroup = E9165D6F22FF43AD00F1FF48 /* Products */;
			projectDirPath = "";
			projectRoot = "";
			targets = (
				E9165D6D22FF43AD00F1FF48 /* WeatherClient */,
			);
		};
/* End PBXProject section */

/* Begin PBXResourcesBuildPhase section */
		E9165D6C22FF43AD00F1FF48 /* Resources */ = {
			isa = PBXResourcesBuildPhase;
			buildActionMask = 2147483647;
			files = (
				E9CB9AC322FF60EB00BD7B3C /* Podfile in Resources */,
				E9165D8D22FF573000F1FF48 /* Forecast.json in Resources */,
				E9CB9ACB22FF72CE00BD7B3C /* Debug-Config.xcconfig in Resources */,
				E9165D7C22FF43AE00F1FF48 /* LaunchScreen.storyboard in Resources */,
				E9165D7922FF43AE00F1FF48 /* Assets.xcassets in Resources */,
				E9165D7722FF43AD00F1FF48 /* Main.storyboard in Resources */,
			);
			runOnlyForDeploymentPostprocessing = 0;
		};
/* End PBXResourcesBuildPhase section */

/* Begin PBXShellScriptBuildPhase section */
		940198C67C4BE5BC6795F104 /* [CP] Check Pods Manifest.lock */ = {
			isa = PBXShellScriptBuildPhase;
			buildActionMask = 2147483647;
			files = (
			);
			inputFileListPaths = (
			);
			inputPaths = (
				"${PODS_PODFILE_DIR_PATH}/Podfile.lock",
				"${PODS_ROOT}/Manifest.lock",
			);
			name = "[CP] Check Pods Manifest.lock";
			outputFileListPaths = (
			);
			outputPaths = (
				"$(DERIVED_FILE_DIR)/Pods-WeatherClient-checkManifestLockResult.txt",
			);
			runOnlyForDeploymentPostprocessing = 0;
			shellPath = /bin/sh;
			shellScript = "diff \"${PODS_PODFILE_DIR_PATH}/Podfile.lock\" \"${PODS_ROOT}/Manifest.lock\" > /dev/null\nif [ $? != 0 ] ; then\n    # print error to STDERR\n    echo \"error: The sandbox is not in sync with the Podfile.lock. Run 'pod install' or update your CocoaPods installation.\" >&2\n    exit 1\nfi\n# This output is used by Xcode 'outputs' to avoid re-running this script phase.\necho \"SUCCESS\" > \"${SCRIPT_OUTPUT_FILE_0}\"\n";
			showEnvVarsInLog = 0;
		};
		E9165D8E22FF57D800F1FF48 /* Quicktype */ = {
			isa = PBXShellScriptBuildPhase;
			buildActionMask = 2147483647;
			files = (
			);
			inputFileListPaths = (
			);
			inputPaths = (
			);
			name = Quicktype;
			outputFileListPaths = (
			);
			outputPaths = (
			);
			runOnlyForDeploymentPostprocessing = 0;
			shellPath = /bin/sh;
			shellScript = "#quicktype WeatherClient/SampleJson/Forecast.json -o WeatherClient/Forecast.swift --no-enums\n\n";
		};
		E9BDCE5F4FDD6B2609A4B438 /* [CP] Embed Pods Frameworks */ = {
			isa = PBXShellScriptBuildPhase;
			buildActionMask = 2147483647;
			files = (
			);
			inputFileListPaths = (
				"${PODS_ROOT}/Target Support Files/Pods-WeatherClient/Pods-WeatherClient-frameworks-${CONFIGURATION}-input-files.xcfilelist",
			);
			name = "[CP] Embed Pods Frameworks";
			outputFileListPaths = (
				"${PODS_ROOT}/Target Support Files/Pods-WeatherClient/Pods-WeatherClient-frameworks-${CONFIGURATION}-output-files.xcfilelist",
			);
			runOnlyForDeploymentPostprocessing = 0;
			shellPath = /bin/sh;
			shellScript = "\"${PODS_ROOT}/Target Support Files/Pods-WeatherClient/Pods-WeatherClient-frameworks.sh\"\n";
			showEnvVarsInLog = 0;
		};
/* End PBXShellScriptBuildPhase section */

/* Begin PBXSourcesBuildPhase section */
		E9165D6A22FF43AD00F1FF48 /* Sources */ = {
			isa = PBXSourcesBuildPhase;
			buildActionMask = 2147483647;
			files = (
				E9CB9ACD22FF8C1700BD7B3C /* DailyForcastViewModel.swift in Sources */,
				E9CB9ABF22FF5AF300BD7B3C /* Forecast.swift in Sources */,
				E9165D8622FF514200F1FF48 /* ForecastTableViewController.swift in Sources */,
				E9CB9AC622FF632000BD7B3C /* LocationService.swift in Sources */,
				E9CB9AC822FF6AA700BD7B3C /* ForecastProvider.swift in Sources */,
				E9165D7222FF43AD00F1FF48 /* AppDelegate.swift in Sources */,
				E9165D8822FF517F00F1FF48 /* DailyForecastTableViewCell.swift in Sources */,
			);
			runOnlyForDeploymentPostprocessing = 0;
		};
/* End PBXSourcesBuildPhase section */

/* Begin PBXVariantGroup section */
		E9165D7522FF43AD00F1FF48 /* Main.storyboard */ = {
			isa = PBXVariantGroup;
			children = (
				E9165D7622FF43AD00F1FF48 /* Base */,
			);
			name = Main.storyboard;
			sourceTree = "<group>";
		};
		E9165D7A22FF43AE00F1FF48 /* LaunchScreen.storyboard */ = {
			isa = PBXVariantGroup;
			children = (
				E9165D7B22FF43AE00F1FF48 /* Base */,
			);
			name = LaunchScreen.storyboard;
			sourceTree = "<group>";
		};
/* End PBXVariantGroup section */

/* Begin XCBuildConfiguration section */
		E9165D7E22FF43AE00F1FF48 /* Debug */ = {
			isa = XCBuildConfiguration;
			baseConfigurationReference = E9CB9ACA22FF72CE00BD7B3C /* Debug-Config.xcconfig */;
			buildSettings = {
				ALWAYS_SEARCH_USER_PATHS = NO;
				CLANG_ANALYZER_NONNULL = YES;
				CLANG_ANALYZER_NUMBER_OBJECT_CONVERSION = YES_AGGRESSIVE;
				CLANG_CXX_LANGUAGE_STANDARD = "gnu++14";
				CLANG_CXX_LIBRARY = "libc++";
				CLANG_ENABLE_MODULES = YES;
				CLANG_ENABLE_OBJC_ARC = YES;
				CLANG_ENABLE_OBJC_WEAK = YES;
				CLANG_WARN_BLOCK_CAPTURE_AUTORELEASING = YES;
				CLANG_WARN_BOOL_CONVERSION = YES;
				CLANG_WARN_COMMA = YES;
				CLANG_WARN_CONSTANT_CONVERSION = YES;
				CLANG_WARN_DEPRECATED_OBJC_IMPLEMENTATIONS = YES;
				CLANG_WARN_DIRECT_OBJC_ISA_USAGE = YES_ERROR;
				CLANG_WARN_DOCUMENTATION_COMMENTS = YES;
				CLANG_WARN_EMPTY_BODY = YES;
				CLANG_WARN_ENUM_CONVERSION = YES;
				CLANG_WARN_INFINITE_RECURSION = YES;
				CLANG_WARN_INT_CONVERSION = YES;
				CLANG_WARN_NON_LITERAL_NULL_CONVERSION = YES;
				CLANG_WARN_OBJC_IMPLICIT_RETAIN_SELF = YES;
				CLANG_WARN_OBJC_LITERAL_CONVERSION = YES;
				CLANG_WARN_OBJC_ROOT_CLASS = YES_ERROR;
				CLANG_WARN_RANGE_LOOP_ANALYSIS = YES;
				CLANG_WARN_STRICT_PROTOTYPES = YES;
				CLANG_WARN_SUSPICIOUS_MOVE = YES;
				CLANG_WARN_UNGUARDED_AVAILABILITY = YES_AGGRESSIVE;
				CLANG_WARN_UNREACHABLE_CODE = YES;
				CLANG_WARN__DUPLICATE_METHOD_MATCH = YES;
				CODE_SIGN_IDENTITY = "iPhone Developer";
				COPY_PHASE_STRIP = NO;
				DEBUG_INFORMATION_FORMAT = dwarf;
				ENABLE_STRICT_OBJC_MSGSEND = YES;
				ENABLE_TESTABILITY = YES;
				GCC_C_LANGUAGE_STANDARD = gnu11;
				GCC_DYNAMIC_NO_PIC = NO;
				GCC_NO_COMMON_BLOCKS = YES;
				GCC_OPTIMIZATION_LEVEL = 0;
				GCC_PREPROCESSOR_DEFINITIONS = (
					"DEBUG=1",
					"$(inherited)",
				);
				GCC_WARN_64_TO_32_BIT_CONVERSION = YES;
				GCC_WARN_ABOUT_RETURN_TYPE = YES_ERROR;
				GCC_WARN_UNDECLARED_SELECTOR = YES;
				GCC_WARN_UNINITIALIZED_AUTOS = YES_AGGRESSIVE;
				GCC_WARN_UNUSED_FUNCTION = YES;
				GCC_WARN_UNUSED_VARIABLE = YES;
				IPHONEOS_DEPLOYMENT_TARGET = 12.4;
				MTL_ENABLE_DEBUG_INFO = INCLUDE_SOURCE;
				MTL_FAST_MATH = YES;
				ONLY_ACTIVE_ARCH = YES;
				SDKROOT = iphoneos;
				SWIFT_ACTIVE_COMPILATION_CONDITIONS = DEBUG;
				SWIFT_OPTIMIZATION_LEVEL = "-Onone";
			};
			name = Debug;
		};
		E9165D7F22FF43AE00F1FF48 /* Release */ = {
			isa = XCBuildConfiguration;
			buildSettings = {
				ALWAYS_SEARCH_USER_PATHS = NO;
				CLANG_ANALYZER_NONNULL = YES;
				CLANG_ANALYZER_NUMBER_OBJECT_CONVERSION = YES_AGGRESSIVE;
				CLANG_CXX_LANGUAGE_STANDARD = "gnu++14";
				CLANG_CXX_LIBRARY = "libc++";
				CLANG_ENABLE_MODULES = YES;
				CLANG_ENABLE_OBJC_ARC = YES;
				CLANG_ENABLE_OBJC_WEAK = YES;
				CLANG_WARN_BLOCK_CAPTURE_AUTORELEASING = YES;
				CLANG_WARN_BOOL_CONVERSION = YES;
				CLANG_WARN_COMMA = YES;
				CLANG_WARN_CONSTANT_CONVERSION = YES;
				CLANG_WARN_DEPRECATED_OBJC_IMPLEMENTATIONS = YES;
				CLANG_WARN_DIRECT_OBJC_ISA_USAGE = YES_ERROR;
				CLANG_WARN_DOCUMENTATION_COMMENTS = YES;
				CLANG_WARN_EMPTY_BODY = YES;
				CLANG_WARN_ENUM_CONVERSION = YES;
				CLANG_WARN_INFINITE_RECURSION = YES;
				CLANG_WARN_INT_CONVERSION = YES;
				CLANG_WARN_NON_LITERAL_NULL_CONVERSION = YES;
				CLANG_WARN_OBJC_IMPLICIT_RETAIN_SELF = YES;
				CLANG_WARN_OBJC_LITERAL_CONVERSION = YES;
				CLANG_WARN_OBJC_ROOT_CLASS = YES_ERROR;
				CLANG_WARN_RANGE_LOOP_ANALYSIS = YES;
				CLANG_WARN_STRICT_PROTOTYPES = YES;
				CLANG_WARN_SUSPICIOUS_MOVE = YES;
				CLANG_WARN_UNGUARDED_AVAILABILITY = YES_AGGRESSIVE;
				CLANG_WARN_UNREACHABLE_CODE = YES;
				CLANG_WARN__DUPLICATE_METHOD_MATCH = YES;
				CODE_SIGN_IDENTITY = "iPhone Developer";
				COPY_PHASE_STRIP = NO;
				DEBUG_INFORMATION_FORMAT = "dwarf-with-dsym";
				ENABLE_NS_ASSERTIONS = NO;
				ENABLE_STRICT_OBJC_MSGSEND = YES;
				GCC_C_LANGUAGE_STANDARD = gnu11;
				GCC_NO_COMMON_BLOCKS = YES;
				GCC_WARN_64_TO_32_BIT_CONVERSION = YES;
				GCC_WARN_ABOUT_RETURN_TYPE = YES_ERROR;
				GCC_WARN_UNDECLARED_SELECTOR = YES;
				GCC_WARN_UNINITIALIZED_AUTOS = YES_AGGRESSIVE;
				GCC_WARN_UNUSED_FUNCTION = YES;
				GCC_WARN_UNUSED_VARIABLE = YES;
				IPHONEOS_DEPLOYMENT_TARGET = 12.4;
				MTL_ENABLE_DEBUG_INFO = NO;
				MTL_FAST_MATH = YES;
				SDKROOT = iphoneos;
				SWIFT_COMPILATION_MODE = wholemodule;
				SWIFT_OPTIMIZATION_LEVEL = "-O";
				VALIDATE_PRODUCT = YES;
			};
			name = Release;
		};
		E9165D8122FF43AE00F1FF48 /* Debug */ = {
			isa = XCBuildConfiguration;
			baseConfigurationReference = 42081B3EC7BB4C3E513B76DD /* Pods-WeatherClient.debug.xcconfig */;
			buildSettings = {
				ASSETCATALOG_COMPILER_APPICON_NAME = AppIcon;
				CODE_SIGN_STYLE = Automatic;
				INFOPLIST_FILE = WeatherClient/Info.plist;
				LD_RUNPATH_SEARCH_PATHS = (
					"$(inherited)",
					"@executable_path/Frameworks",
				);
				PRODUCT_BUNDLE_IDENTIFIER = AnhquanNguyen.WeatherClient;
				PRODUCT_NAME = "$(TARGET_NAME)";
				SWIFT_VERSION = 5.0;
				TARGETED_DEVICE_FAMILY = "1,2";
			};
			name = Debug;
		};
		E9165D8222FF43AE00F1FF48 /* Release */ = {
			isa = XCBuildConfiguration;
			baseConfigurationReference = AA5D12CCA49ECB4F8ABAC8F1 /* Pods-WeatherClient.release.xcconfig */;
			buildSettings = {
				ASSETCATALOG_COMPILER_APPICON_NAME = AppIcon;
				CODE_SIGN_STYLE = Automatic;
				INFOPLIST_FILE = WeatherClient/Info.plist;
				LD_RUNPATH_SEARCH_PATHS = (
					"$(inherited)",
					"@executable_path/Frameworks",
				);
				PRODUCT_BUNDLE_IDENTIFIER = AnhquanNguyen.WeatherClient;
				PRODUCT_NAME = "$(TARGET_NAME)";
				SWIFT_VERSION = 5.0;
				TARGETED_DEVICE_FAMILY = "1,2";
			};
			name = Release;
		};
/* End XCBuildConfiguration section */

/* Begin XCConfigurationList section */
		E9165D6922FF43AC00F1FF48 /* Build configuration list for PBXProject "WeatherClient" */ = {
			isa = XCConfigurationList;
			buildConfigurations = (
				E9165D7E22FF43AE00F1FF48 /* Debug */,
				E9165D7F22FF43AE00F1FF48 /* Release */,
			);
			defaultConfigurationIsVisible = 0;
			defaultConfigurationName = Release;
		};
		E9165D8022FF43AE00F1FF48 /* Build configuration list for PBXNativeTarget "WeatherClient" */ = {
			isa = XCConfigurationList;
			buildConfigurations = (
				E9165D8122FF43AE00F1FF48 /* Debug */,
				E9165D8222FF43AE00F1FF48 /* Release */,
			);
			defaultConfigurationIsVisible = 0;
			defaultConfigurationName = Release;
		};
/* End XCConfigurationList section */
	};
	rootObject = E9165D6622FF43AC00F1FF48 /* Project object */;
}
